// !$*UTF8*$!
{
	archiveVersion = 1;
	classes = {
	};
	objectVersion = 77;
	objects = {

/* Begin PBXBuildFile section */
		356963BB2E8750AE00A2315C /* FirebaseAI in Frameworks */ = {isa = PBXBuildFile; productRef = 356963BA2E8750AE00A2315C /* FirebaseAI */; };
		356963BD2E8750AF00A2315C /* FirebaseAnalytics in Frameworks */ = {isa = PBXBuildFile; productRef = 356963BC2E8750AF00A2315C /* FirebaseAnalytics */; };
		356963BF2E8750AF00A2315C /* FirebaseAnalyticsCore in Frameworks */ = {isa = PBXBuildFile; productRef = 356963BE2E8750AF00A2315C /* FirebaseAnalyticsCore */; };
		356963C12E8750AF00A2315C /* FirebaseAnalyticsIdentitySupport in Frameworks */ = {isa = PBXBuildFile; productRef = 356963C02E8750AF00A2315C /* FirebaseAnalyticsIdentitySupport */; };
		356963C32E8750AF00A2315C /* FirebaseAppCheck in Frameworks */ = {isa = PBXBuildFile; productRef = 356963C22E8750AF00A2315C /* FirebaseAppCheck */; };
		356963C52E8750AF00A2315C /* FirebaseAuth in Frameworks */ = {isa = PBXBuildFile; productRef = 356963C42E8750AF00A2315C /* FirebaseAuth */; };
		356963C72E8750AF00A2315C /* FirebaseFirestore in Frameworks */ = {isa = PBXBuildFile; productRef = 356963C62E8750AF00A2315C /* FirebaseFirestore */; };
		356963C92E8750AF00A2315C /* FirebaseStorage in Frameworks */ = {isa = PBXBuildFile; productRef = 356963C82E8750AF00A2315C /* FirebaseStorage */; };
		35F9B41C2E89099B00C0D49D /* GotReceiptsShareExtension.appex in Embed Foundation Extensions */ = {isa = PBXBuildFile; fileRef = 35F9B4122E89099B00C0D49D /* GotReceiptsShareExtension.appex */; settings = {ATTRIBUTES = (RemoveHeadersOnCopy, ); }; };
/* End PBXBuildFile section */

/* Begin PBXContainerItemProxy section */
		356963742E871EF300A2315C /* PBXContainerItemProxy */ = {
			isa = PBXContainerItemProxy;
			containerPortal = 3569635A2E871EF100A2315C /* Project object */;
			proxyType = 1;
			remoteGlobalIDString = 356963612E871EF100A2315C;
			remoteInfo = GotReceipts;
		};
		3569637E2E871EF300A2315C /* PBXContainerItemProxy */ = {
			isa = PBXContainerItemProxy;
			containerPortal = 3569635A2E871EF100A2315C /* Project object */;
			proxyType = 1;
			remoteGlobalIDString = 356963612E871EF100A2315C;
			remoteInfo = GotReceipts;
		};
		35F9B41A2E89099B00C0D49D /* PBXContainerItemProxy */ = {
			isa = PBXContainerItemProxy;
			containerPortal = 3569635A2E871EF100A2315C /* Project object */;
			proxyType = 1;
			remoteGlobalIDString = 35F9B4112E89099B00C0D49D;
			remoteInfo = GotReceiptsShareExtension;
		};
/* End PBXContainerItemProxy section */

/* Begin PBXCopyFilesBuildPhase section */
		35F9B4212E89099B00C0D49D /* Embed Foundation Extensions */ = {
			isa = PBXCopyFilesBuildPhase;
			buildActionMask = 2147483647;
			dstPath = "";
			dstSubfolderSpec = 13;
			files = (
				35F9B41C2E89099B00C0D49D /* GotReceiptsShareExtension.appex in Embed Foundation Extensions */,
			);
			name = "Embed Foundation Extensions";
			runOnlyForDeploymentPostprocessing = 0;
		};
/* End PBXCopyFilesBuildPhase section */

/* Begin PBXFileReference section */
		356963622E871EF100A2315C /* GotReceipts.app */ = {isa = PBXFileReference; explicitFileType = wrapper.application; includeInIndex = 0; path = GotReceipts.app; sourceTree = BUILT_PRODUCTS_DIR; };
		356963732E871EF300A2315C /* GotReceiptsTests.xctest */ = {isa = PBXFileReference; explicitFileType = wrapper.cfbundle; includeInIndex = 0; path = GotReceiptsTests.xctest; sourceTree = BUILT_PRODUCTS_DIR; };
		3569637D2E871EF300A2315C /* GotReceiptsUITests.xctest */ = {isa = PBXFileReference; explicitFileType = wrapper.cfbundle; includeInIndex = 0; path = GotReceiptsUITests.xctest; sourceTree = BUILT_PRODUCTS_DIR; };
		35F9B4122E89099B00C0D49D /* GotReceiptsShareExtension.appex */ = {isa = PBXFileReference; explicitFileType = "wrapper.app-extension"; includeInIndex = 0; path = GotReceiptsShareExtension.appex; sourceTree = BUILT_PRODUCTS_DIR; };
/* End PBXFileReference section */

/* Begin PBXFileSystemSynchronizedBuildFileExceptionSet section */
		356963B42E873ED200A2315C /* Exceptions for "GotReceipts" folder in "GotReceipts" target */ = {
			isa = PBXFileSystemSynchronizedBuildFileExceptionSet;
			membershipExceptions = (
				Docs/ChatBooksPlan.md,
				Info.plist,
			);
			target = 356963612E871EF100A2315C /* GotReceipts */;
		};
		35F9B4202E89099B00C0D49D /* Exceptions for "GotReceiptsShareExtension" folder in "GotReceiptsShareExtension" target */ = {
			isa = PBXFileSystemSynchronizedBuildFileExceptionSet;
			membershipExceptions = (
				Info.plist,
			);
			target = 35F9B4112E89099B00C0D49D /* GotReceiptsShareExtension */;
		};
/* End PBXFileSystemSynchronizedBuildFileExceptionSet section */

/* Begin PBXFileSystemSynchronizedGroupBuildPhaseMembershipExceptionSet section */
		35F9B4252E898D3700C0D49D /* Exceptions for "GotReceipts" folder in "Compile Sources" phase from "GotReceipts" target */ = {
			isa = PBXFileSystemSynchronizedGroupBuildPhaseMembershipExceptionSet;
			buildPhase = 3569635E2E871EF100A2315C /* Sources */;
			membershipExceptions = (
				Docs/ChatBooksPlan.md,
			);
		};
/* End PBXFileSystemSynchronizedGroupBuildPhaseMembershipExceptionSet section */

/* Begin PBXFileSystemSynchronizedRootGroup section */
		356963642E871EF100A2315C /* GotReceipts */ = {
			isa = PBXFileSystemSynchronizedRootGroup;
			exceptions = (
				356963B42E873ED200A2315C /* Exceptions for "GotReceipts" folder in "GotReceipts" target */,
				35F9B4252E898D3700C0D49D /* Exceptions for "GotReceipts" folder in "Compile Sources" phase from "GotReceipts" target */,
			);
			path = GotReceipts;
			sourceTree = "<group>";
		};
		356963762E871EF300A2315C /* GotReceiptsTests */ = {
			isa = PBXFileSystemSynchronizedRootGroup;
			path = GotReceiptsTests;
			sourceTree = "<group>";
		};
		356963802E871EF300A2315C /* GotReceiptsUITests */ = {
			isa = PBXFileSystemSynchronizedRootGroup;
			path = GotReceiptsUITests;
			sourceTree = "<group>";
		};
		35F9B4132E89099B00C0D49D /* GotReceiptsShareExtension */ = {
			isa = PBXFileSystemSynchronizedRootGroup;
			exceptions = (
				35F9B4202E89099B00C0D49D /* Exceptions for "GotReceiptsShareExtension" folder in "GotReceiptsShareExtension" target */,
			);
			path = GotReceiptsShareExtension;
			sourceTree = "<group>";
		};
/* End PBXFileSystemSynchronizedRootGroup section */

/* Begin PBXFrameworksBuildPhase section */
		3569635F2E871EF100A2315C /* Frameworks */ = {
			isa = PBXFrameworksBuildPhase;
			buildActionMask = 2147483647;
			files = (
				356963C12E8750AF00A2315C /* FirebaseAnalyticsIdentitySupport in Frameworks */,
				356963C52E8750AF00A2315C /* FirebaseAuth in Frameworks */,
				356963BD2E8750AF00A2315C /* FirebaseAnalytics in Frameworks */,
				356963BF2E8750AF00A2315C /* FirebaseAnalyticsCore in Frameworks */,
				356963C32E8750AF00A2315C /* FirebaseAppCheck in Frameworks */,
				356963C92E8750AF00A2315C /* FirebaseStorage in Frameworks */,
				356963BB2E8750AE00A2315C /* FirebaseAI in Frameworks */,
				356963C72E8750AF00A2315C /* FirebaseFirestore in Frameworks */,
			);
			runOnlyForDeploymentPostprocessing = 0;
		};
		356963702E871EF300A2315C /* Frameworks */ = {
			isa = PBXFrameworksBuildPhase;
			buildActionMask = 2147483647;
			files = (
			);
			runOnlyForDeploymentPostprocessing = 0;
		};
		3569637A2E871EF300A2315C /* Frameworks */ = {
			isa = PBXFrameworksBuildPhase;
			buildActionMask = 2147483647;
			files = (
			);
			runOnlyForDeploymentPostprocessing = 0;
		};
		35F9B40F2E89099B00C0D49D /* Frameworks */ = {
			isa = PBXFrameworksBuildPhase;
			buildActionMask = 2147483647;
			files = (
			);
			runOnlyForDeploymentPostprocessing = 0;
		};
/* End PBXFrameworksBuildPhase section */

/* Begin PBXGroup section */
		356963592E871EF100A2315C = {
			isa = PBXGroup;
			children = (
				356963642E871EF100A2315C /* GotReceipts */,
				356963762E871EF300A2315C /* GotReceiptsTests */,
				356963802E871EF300A2315C /* GotReceiptsUITests */,
				35F9B4132E89099B00C0D49D /* GotReceiptsShareExtension */,
				356963632E871EF100A2315C /* Products */,
			);
			sourceTree = "<group>";
		};
		356963632E871EF100A2315C /* Products */ = {
			isa = PBXGroup;
			children = (
				356963622E871EF100A2315C /* GotReceipts.app */,
				356963732E871EF300A2315C /* GotReceiptsTests.xctest */,
				3569637D2E871EF300A2315C /* GotReceiptsUITests.xctest */,
				35F9B4122E89099B00C0D49D /* GotReceiptsShareExtension.appex */,
			);
			name = Products;
			sourceTree = "<group>";
		};
/* End PBXGroup section */

/* Begin PBXNativeTarget section */
		356963612E871EF100A2315C /* GotReceipts */ = {
			isa = PBXNativeTarget;
			buildConfigurationList = 356963872E871EF300A2315C /* Build configuration list for PBXNativeTarget "GotReceipts" */;
			buildPhases = (
				3569635E2E871EF100A2315C /* Sources */,
				3569635F2E871EF100A2315C /* Frameworks */,
				356963602E871EF100A2315C /* Resources */,
				35F9B4212E89099B00C0D49D /* Embed Foundation Extensions */,
			);
			buildRules = (
			);
			dependencies = (
				35F9B41B2E89099B00C0D49D /* PBXTargetDependency */,
			);
			fileSystemSynchronizedGroups = (
				356963642E871EF100A2315C /* GotReceipts */,
			);
			name = GotReceipts;
			packageProductDependencies = (
				356963BA2E8750AE00A2315C /* FirebaseAI */,
				356963BC2E8750AF00A2315C /* FirebaseAnalytics */,
				356963BE2E8750AF00A2315C /* FirebaseAnalyticsCore */,
				356963C02E8750AF00A2315C /* FirebaseAnalyticsIdentitySupport */,
				356963C22E8750AF00A2315C /* FirebaseAppCheck */,
				356963C42E8750AF00A2315C /* FirebaseAuth */,
				356963C62E8750AF00A2315C /* FirebaseFirestore */,
				356963C82E8750AF00A2315C /* FirebaseStorage */,
			);
			productName = GotReceipts;
			productReference = 356963622E871EF100A2315C /* GotReceipts.app */;
			productType = "com.apple.product-type.application";
		};
		356963722E871EF300A2315C /* GotReceiptsTests */ = {
			isa = PBXNativeTarget;
			buildConfigurationList = 3569638A2E871EF300A2315C /* Build configuration list for PBXNativeTarget "GotReceiptsTests" */;
			buildPhases = (
				3569636F2E871EF300A2315C /* Sources */,
				356963702E871EF300A2315C /* Frameworks */,
				356963712E871EF300A2315C /* Resources */,
			);
			buildRules = (
			);
			dependencies = (
				356963752E871EF300A2315C /* PBXTargetDependency */,
			);
			fileSystemSynchronizedGroups = (
				356963762E871EF300A2315C /* GotReceiptsTests */,
			);
			name = GotReceiptsTests;
			packageProductDependencies = (
			);
			productName = GotReceiptsTests;
			productReference = 356963732E871EF300A2315C /* GotReceiptsTests.xctest */;
			productType = "com.apple.product-type.bundle.unit-test";
		};
		3569637C2E871EF300A2315C /* GotReceiptsUITests */ = {
			isa = PBXNativeTarget;
			buildConfigurationList = 3569638D2E871EF300A2315C /* Build configuration list for PBXNativeTarget "GotReceiptsUITests" */;
			buildPhases = (
				356963792E871EF300A2315C /* Sources */,
				3569637A2E871EF300A2315C /* Frameworks */,
				3569637B2E871EF300A2315C /* Resources */,
			);
			buildRules = (
			);
			dependencies = (
				3569637F2E871EF300A2315C /* PBXTargetDependency */,
			);
			fileSystemSynchronizedGroups = (
				356963802E871EF300A2315C /* GotReceiptsUITests */,
			);
			name = GotReceiptsUITests;
			packageProductDependencies = (
			);
			productName = GotReceiptsUITests;
			productReference = 3569637D2E871EF300A2315C /* GotReceiptsUITests.xctest */;
			productType = "com.apple.product-type.bundle.ui-testing";
		};
		35F9B4112E89099B00C0D49D /* GotReceiptsShareExtension */ = {
			isa = PBXNativeTarget;
			buildConfigurationList = 35F9B41D2E89099B00C0D49D /* Build configuration list for PBXNativeTarget "GotReceiptsShareExtension" */;
			buildPhases = (
				35F9B40E2E89099B00C0D49D /* Sources */,
				35F9B40F2E89099B00C0D49D /* Frameworks */,
				35F9B4102E89099B00C0D49D /* Resources */,
			);
			buildRules = (
			);
			dependencies = (
			);
			fileSystemSynchronizedGroups = (
				35F9B4132E89099B00C0D49D /* GotReceiptsShareExtension */,
			);
			name = GotReceiptsShareExtension;
			packageProductDependencies = (
			);
			productName = GotReceiptsShareExtension;
			productReference = 35F9B4122E89099B00C0D49D /* GotReceiptsShareExtension.appex */;
			productType = "com.apple.product-type.app-extension";
		};
/* End PBXNativeTarget section */

/* Begin PBXProject section */
		3569635A2E871EF100A2315C /* Project object */ = {
			isa = PBXProject;
			attributes = {
				BuildIndependentTargetsInParallel = 1;
				LastSwiftUpdateCheck = 1620;
				LastUpgradeCheck = 1620;
				TargetAttributes = {
					356963612E871EF100A2315C = {
						CreatedOnToolsVersion = 16.2;
					};
					356963722E871EF300A2315C = {
						CreatedOnToolsVersion = 16.2;
						TestTargetID = 356963612E871EF100A2315C;
					};
					3569637C2E871EF300A2315C = {
						CreatedOnToolsVersion = 16.2;
						TestTargetID = 356963612E871EF100A2315C;
					};
					35F9B4112E89099B00C0D49D = {
						CreatedOnToolsVersion = 16.2;
					};
				};
			};
			buildConfigurationList = 3569635D2E871EF100A2315C /* Build configuration list for PBXProject "GotReceipts" */;
			developmentRegion = en;
			hasScannedForEncodings = 0;
			knownRegions = (
				en,
				Base,
			);
			mainGroup = 356963592E871EF100A2315C;
			minimizedProjectReferenceProxies = 1;
			packageReferences = (
				356963B92E8750AE00A2315C /* XCRemoteSwiftPackageReference "firebase-ios-sdk" */,
			);
			preferredProjectObjectVersion = 77;
			productRefGroup = 356963632E871EF100A2315C /* Products */;
			projectDirPath = "";
			projectRoot = "";
			targets = (
				356963612E871EF100A2315C /* GotReceipts */,
				356963722E871EF300A2315C /* GotReceiptsTests */,
				3569637C2E871EF300A2315C /* GotReceiptsUITests */,
				35F9B4112E89099B00C0D49D /* GotReceiptsShareExtension */,
			);
		};
/* End PBXProject section */

/* Begin PBXResourcesBuildPhase section */
		356963602E871EF100A2315C /* Resources */ = {
			isa = PBXResourcesBuildPhase;
			buildActionMask = 2147483647;
			files = (
			);
			runOnlyForDeploymentPostprocessing = 0;
		};
		356963712E871EF300A2315C /* Resources */ = {
			isa = PBXResourcesBuildPhase;
			buildActionMask = 2147483647;
			files = (
			);
			runOnlyForDeploymentPostprocessing = 0;
		};
		3569637B2E871EF300A2315C /* Resources */ = {
			isa = PBXResourcesBuildPhase;
			buildActionMask = 2147483647;
			files = (
			);
			runOnlyForDeploymentPostprocessing = 0;
		};
		35F9B4102E89099B00C0D49D /* Resources */ = {
			isa = PBXResourcesBuildPhase;
			buildActionMask = 2147483647;
			files = (
			);
			runOnlyForDeploymentPostprocessing = 0;
		};
/* End PBXResourcesBuildPhase section */

/* Begin PBXSourcesBuildPhase section */
		3569635E2E871EF100A2315C /* Sources */ = {
			isa = PBXSourcesBuildPhase;
			buildActionMask = 2147483647;
			files = (
			);
			runOnlyForDeploymentPostprocessing = 0;
		};
		3569636F2E871EF300A2315C /* Sources */ = {
			isa = PBXSourcesBuildPhase;
			buildActionMask = 2147483647;
			files = (
			);
			runOnlyForDeploymentPostprocessing = 0;
		};
		356963792E871EF300A2315C /* Sources */ = {
			isa = PBXSourcesBuildPhase;
			buildActionMask = 2147483647;
			files = (
			);
			runOnlyForDeploymentPostprocessing = 0;
		};
		35F9B40E2E89099B00C0D49D /* Sources */ = {
			isa = PBXSourcesBuildPhase;
			buildActionMask = 2147483647;
			files = (
			);
			runOnlyForDeploymentPostprocessing = 0;
		};
/* End PBXSourcesBuildPhase section */

/* Begin PBXTargetDependency section */
		356963752E871EF300A2315C /* PBXTargetDependency */ = {
			isa = PBXTargetDependency;
			target = 356963612E871EF100A2315C /* GotReceipts */;
			targetProxy = 356963742E871EF300A2315C /* PBXContainerItemProxy */;
		};
		3569637F2E871EF300A2315C /* PBXTargetDependency */ = {
			isa = PBXTargetDependency;
			target = 356963612E871EF100A2315C /* GotReceipts */;
			targetProxy = 3569637E2E871EF300A2315C /* PBXContainerItemProxy */;
		};
		35F9B41B2E89099B00C0D49D /* PBXTargetDependency */ = {
			isa = PBXTargetDependency;
			target = 35F9B4112E89099B00C0D49D /* GotReceiptsShareExtension */;
			targetProxy = 35F9B41A2E89099B00C0D49D /* PBXContainerItemProxy */;
		};
/* End PBXTargetDependency section */

/* Begin XCBuildConfiguration section */
		356963852E871EF300A2315C /* Debug */ = {
			isa = XCBuildConfiguration;
			buildSettings = {
				ALWAYS_SEARCH_USER_PATHS = NO;
				ASSETCATALOG_COMPILER_GENERATE_SWIFT_ASSET_SYMBOL_EXTENSIONS = YES;
				CLANG_ANALYZER_NONNULL = YES;
				CLANG_ANALYZER_NUMBER_OBJECT_CONVERSION = YES_AGGRESSIVE;
				CLANG_CXX_LANGUAGE_STANDARD = "gnu++20";
				CLANG_ENABLE_MODULES = YES;
				CLANG_ENABLE_OBJC_ARC = YES;
				CLANG_ENABLE_OBJC_WEAK = YES;
				CLANG_WARN_BLOCK_CAPTURE_AUTORELEASING = YES;
				CLANG_WARN_BOOL_CONVERSION = YES;
				CLANG_WARN_COMMA = YES;
				CLANG_WARN_CONSTANT_CONVERSION = YES;
				CLANG_WARN_DEPRECATED_OBJC_IMPLEMENTATIONS = YES;
				CLANG_WARN_DIRECT_OBJC_ISA_USAGE = YES_ERROR;
				CLANG_WARN_DOCUMENTATION_COMMENTS = YES;
				CLANG_WARN_EMPTY_BODY = YES;
				CLANG_WARN_ENUM_CONVERSION = YES;
				CLANG_WARN_INFINITE_RECURSION = YES;
				CLANG_WARN_INT_CONVERSION = YES;
				CLANG_WARN_NON_LITERAL_NULL_CONVERSION = YES;
				CLANG_WARN_OBJC_IMPLICIT_RETAIN_SELF = YES;
				CLANG_WARN_OBJC_LITERAL_CONVERSION = YES;
				CLANG_WARN_OBJC_ROOT_CLASS = YES_ERROR;
				CLANG_WARN_QUOTED_INCLUDE_IN_FRAMEWORK_HEADER = YES;
				CLANG_WARN_RANGE_LOOP_ANALYSIS = YES;
				CLANG_WARN_STRICT_PROTOTYPES = YES;
				CLANG_WARN_SUSPICIOUS_MOVE = YES;
				CLANG_WARN_UNGUARDED_AVAILABILITY = YES_AGGRESSIVE;
				CLANG_WARN_UNREACHABLE_CODE = YES;
				CLANG_WARN__DUPLICATE_METHOD_MATCH = YES;
				COPY_PHASE_STRIP = NO;
				DEBUG_INFORMATION_FORMAT = dwarf;
				ENABLE_STRICT_OBJC_MSGSEND = YES;
				ENABLE_TESTABILITY = YES;
				ENABLE_USER_SCRIPT_SANDBOXING = YES;
				GCC_C_LANGUAGE_STANDARD = gnu17;
				GCC_DYNAMIC_NO_PIC = NO;
				GCC_NO_COMMON_BLOCKS = YES;
				GCC_OPTIMIZATION_LEVEL = 0;
				GCC_PREPROCESSOR_DEFINITIONS = (
					"DEBUG=1",
					"$(inherited)",
				);
				GCC_WARN_64_TO_32_BIT_CONVERSION = YES;
				GCC_WARN_ABOUT_RETURN_TYPE = YES_ERROR;
				GCC_WARN_UNDECLARED_SELECTOR = YES;
				GCC_WARN_UNINITIALIZED_AUTOS = YES_AGGRESSIVE;
				GCC_WARN_UNUSED_FUNCTION = YES;
				GCC_WARN_UNUSED_VARIABLE = YES;
				LOCALIZATION_PREFERS_STRING_CATALOGS = YES;
				MTL_ENABLE_DEBUG_INFO = INCLUDE_SOURCE;
				MTL_FAST_MATH = YES;
				ONLY_ACTIVE_ARCH = YES;
				SWIFT_ACTIVE_COMPILATION_CONDITIONS = "DEBUG $(inherited)";
				SWIFT_OPTIMIZATION_LEVEL = "-Onone";
			};
			name = Debug;
		};
		356963862E871EF300A2315C /* Release */ = {
			isa = XCBuildConfiguration;
			buildSettings = {
				ALWAYS_SEARCH_USER_PATHS = NO;
				ASSETCATALOG_COMPILER_GENERATE_SWIFT_ASSET_SYMBOL_EXTENSIONS = YES;
				CLANG_ANALYZER_NONNULL = YES;
				CLANG_ANALYZER_NUMBER_OBJECT_CONVERSION = YES_AGGRESSIVE;
				CLANG_CXX_LANGUAGE_STANDARD = "gnu++20";
				CLANG_ENABLE_MODULES = YES;
				CLANG_ENABLE_OBJC_ARC = YES;
				CLANG_ENABLE_OBJC_WEAK = YES;
				CLANG_WARN_BLOCK_CAPTURE_AUTORELEASING = YES;
				CLANG_WARN_BOOL_CONVERSION = YES;
				CLANG_WARN_COMMA = YES;
				CLANG_WARN_CONSTANT_CONVERSION = YES;
				CLANG_WARN_DEPRECATED_OBJC_IMPLEMENTATIONS = YES;
				CLANG_WARN_DIRECT_OBJC_ISA_USAGE = YES_ERROR;
				CLANG_WARN_DOCUMENTATION_COMMENTS = YES;
				CLANG_WARN_EMPTY_BODY = YES;
				CLANG_WARN_ENUM_CONVERSION = YES;
				CLANG_WARN_INFINITE_RECURSION = YES;
				CLANG_WARN_INT_CONVERSION = YES;
				CLANG_WARN_NON_LITERAL_NULL_CONVERSION = YES;
				CLANG_WARN_OBJC_IMPLICIT_RETAIN_SELF = YES;
				CLANG_WARN_OBJC_LITERAL_CONVERSION = YES;
				CLANG_WARN_OBJC_ROOT_CLASS = YES_ERROR;
				CLANG_WARN_QUOTED_INCLUDE_IN_FRAMEWORK_HEADER = YES;
				CLANG_WARN_RANGE_LOOP_ANALYSIS = YES;
				CLANG_WARN_STRICT_PROTOTYPES = YES;
				CLANG_WARN_SUSPICIOUS_MOVE = YES;
				CLANG_WARN_UNGUARDED_AVAILABILITY = YES_AGGRESSIVE;
				CLANG_WARN_UNREACHABLE_CODE = YES;
				CLANG_WARN__DUPLICATE_METHOD_MATCH = YES;
				COPY_PHASE_STRIP = NO;
				DEBUG_INFORMATION_FORMAT = "dwarf-with-dsym";
				ENABLE_NS_ASSERTIONS = NO;
				ENABLE_STRICT_OBJC_MSGSEND = YES;
				ENABLE_USER_SCRIPT_SANDBOXING = YES;
				GCC_C_LANGUAGE_STANDARD = gnu17;
				GCC_NO_COMMON_BLOCKS = YES;
				GCC_WARN_64_TO_32_BIT_CONVERSION = YES;
				GCC_WARN_ABOUT_RETURN_TYPE = YES_ERROR;
				GCC_WARN_UNDECLARED_SELECTOR = YES;
				GCC_WARN_UNINITIALIZED_AUTOS = YES_AGGRESSIVE;
				GCC_WARN_UNUSED_FUNCTION = YES;
				GCC_WARN_UNUSED_VARIABLE = YES;
				LOCALIZATION_PREFERS_STRING_CATALOGS = YES;
				MTL_ENABLE_DEBUG_INFO = NO;
				MTL_FAST_MATH = YES;
				SWIFT_COMPILATION_MODE = wholemodule;
			};
			name = Release;
		};
		356963882E871EF300A2315C /* Debug */ = {
			isa = XCBuildConfiguration;
			buildSettings = {
				ASSETCATALOG_COMPILER_APPICON_NAME = AppIcon;
				ASSETCATALOG_COMPILER_GLOBAL_ACCENT_COLOR_NAME = AccentColor;
				CODE_SIGN_ENTITLEMENTS = GotReceipts/GotReceipts.entitlements;
				CODE_SIGN_STYLE = Automatic;
				CURRENT_PROJECT_VERSION = 1;
				DEVELOPMENT_ASSET_PATHS = "\"GotReceipts/Preview Content\"";
				DEVELOPMENT_TEAM = 3L66A32827;
				ENABLE_HARDENED_RUNTIME = YES;
				ENABLE_PREVIEWS = YES;
				GENERATE_INFOPLIST_FILE = YES;
				INFOPLIST_FILE = GotReceipts/Info.plist;
				INFOPLIST_KEY_LSApplicationCategoryType = "";
				"INFOPLIST_KEY_UIApplicationSceneManifest_Generation[sdk=iphoneos*]" = YES;
				"INFOPLIST_KEY_UIApplicationSceneManifest_Generation[sdk=iphonesimulator*]" = YES;
				"INFOPLIST_KEY_UIApplicationSupportsIndirectInputEvents[sdk=iphoneos*]" = YES;
				"INFOPLIST_KEY_UIApplicationSupportsIndirectInputEvents[sdk=iphonesimulator*]" = YES;
				"INFOPLIST_KEY_UILaunchScreen_Generation[sdk=iphoneos*]" = YES;
				"INFOPLIST_KEY_UILaunchScreen_Generation[sdk=iphonesimulator*]" = YES;
				"INFOPLIST_KEY_UIStatusBarStyle[sdk=iphoneos*]" = UIStatusBarStyleDefault;
				"INFOPLIST_KEY_UIStatusBarStyle[sdk=iphonesimulator*]" = UIStatusBarStyleDefault;
				INFOPLIST_KEY_UISupportedInterfaceOrientations_iPad = "UIInterfaceOrientationPortrait UIInterfaceOrientationPortraitUpsideDown UIInterfaceOrientationLandscapeLeft UIInterfaceOrientationLandscapeRight";
				INFOPLIST_KEY_UISupportedInterfaceOrientations_iPhone = "UIInterfaceOrientationPortrait UIInterfaceOrientationLandscapeLeft UIInterfaceOrientationLandscapeRight";
				IPHONEOS_DEPLOYMENT_TARGET = 18.2;
				LD_RUNPATH_SEARCH_PATHS = "@executable_path/Frameworks";
				"LD_RUNPATH_SEARCH_PATHS[sdk=macosx*]" = "@executable_path/../Frameworks";
				MACOSX_DEPLOYMENT_TARGET = 15.2;
				MARKETING_VERSION = 1.0;
				PRODUCT_BUNDLE_IDENTIFIER = com.electrospit.GotReceipts;
				PRODUCT_NAME = "$(TARGET_NAME)";
				SDKROOT = auto;
				SUPPORTED_PLATFORMS = "iphoneos iphonesimulator macosx xros xrsimulator";
				SWIFT_EMIT_LOC_STRINGS = YES;
				SWIFT_VERSION = 5.0;
				TARGETED_DEVICE_FAMILY = "1,2,7";
				XROS_DEPLOYMENT_TARGET = 2.2;
			};
			name = Debug;
		};
		356963892E871EF300A2315C /* Release */ = {
			isa = XCBuildConfiguration;
			buildSettings = {
				ASSETCATALOG_COMPILER_APPICON_NAME = AppIcon;
				ASSETCATALOG_COMPILER_GLOBAL_ACCENT_COLOR_NAME = AccentColor;
				CODE_SIGN_ENTITLEMENTS = GotReceipts/GotReceipts.entitlements;
				CODE_SIGN_STYLE = Automatic;
				CURRENT_PROJECT_VERSION = 1;
				DEVELOPMENT_ASSET_PATHS = "\"GotReceipts/Preview Content\"";
				DEVELOPMENT_TEAM = 3L66A32827;
				ENABLE_HARDENED_RUNTIME = YES;
				ENABLE_PREVIEWS = YES;
				GENERATE_INFOPLIST_FILE = YES;
				INFOPLIST_FILE = GotReceipts/Info.plist;
				INFOPLIST_KEY_LSApplicationCategoryType = "";
				"INFOPLIST_KEY_UIApplicationSceneManifest_Generation[sdk=iphoneos*]" = YES;
				"INFOPLIST_KEY_UIApplicationSceneManifest_Generation[sdk=iphonesimulator*]" = YES;
				"INFOPLIST_KEY_UIApplicationSupportsIndirectInputEvents[sdk=iphoneos*]" = YES;
				"INFOPLIST_KEY_UIApplicationSupportsIndirectInputEvents[sdk=iphonesimulator*]" = YES;
				"INFOPLIST_KEY_UILaunchScreen_Generation[sdk=iphoneos*]" = YES;
				"INFOPLIST_KEY_UILaunchScreen_Generation[sdk=iphonesimulator*]" = YES;
				"INFOPLIST_KEY_UIStatusBarStyle[sdk=iphoneos*]" = UIStatusBarStyleDefault;
				"INFOPLIST_KEY_UIStatusBarStyle[sdk=iphonesimulator*]" = UIStatusBarStyleDefault;
				INFOPLIST_KEY_UISupportedInterfaceOrientations_iPad = "UIInterfaceOrientationPortrait UIInterfaceOrientationPortraitUpsideDown UIInterfaceOrientationLandscapeLeft UIInterfaceOrientationLandscapeRight";
				INFOPLIST_KEY_UISupportedInterfaceOrientations_iPhone = "UIInterfaceOrientationPortrait UIInterfaceOrientationLandscapeLeft UIInterfaceOrientationLandscapeRight";
				IPHONEOS_DEPLOYMENT_TARGET = 18.2;
				LD_RUNPATH_SEARCH_PATHS = "@executable_path/Frameworks";
				"LD_RUNPATH_SEARCH_PATHS[sdk=macosx*]" = "@executable_path/../Frameworks";
				MACOSX_DEPLOYMENT_TARGET = 15.2;
				MARKETING_VERSION = 1.0;
				PRODUCT_BUNDLE_IDENTIFIER = com.electrospit.GotReceipts;
				PRODUCT_NAME = "$(TARGET_NAME)";
				SDKROOT = auto;
				SUPPORTED_PLATFORMS = "iphoneos iphonesimulator macosx xros xrsimulator";
				SWIFT_EMIT_LOC_STRINGS = YES;
				SWIFT_VERSION = 5.0;
				TARGETED_DEVICE_FAMILY = "1,2,7";
				XROS_DEPLOYMENT_TARGET = 2.2;
			};
			name = Release;
		};
		3569638B2E871EF300A2315C /* Debug */ = {
			isa = XCBuildConfiguration;
			buildSettings = {
				BUNDLE_LOADER = "$(TEST_HOST)";
				CODE_SIGN_STYLE = Automatic;
				CURRENT_PROJECT_VERSION = 1;
				DEVELOPMENT_TEAM = 3L66A32827;
				GENERATE_INFOPLIST_FILE = YES;
				IPHONEOS_DEPLOYMENT_TARGET = 18.2;
				MACOSX_DEPLOYMENT_TARGET = 15.2;
				MARKETING_VERSION = 1.0;
				PRODUCT_BUNDLE_IDENTIFIER = com.electrospit.GotReceiptsTests;
				PRODUCT_NAME = "$(TARGET_NAME)";
				SDKROOT = auto;
				SUPPORTED_PLATFORMS = "iphoneos iphonesimulator macosx xros xrsimulator";
				SWIFT_EMIT_LOC_STRINGS = NO;
				SWIFT_VERSION = 5.0;
				TARGETED_DEVICE_FAMILY = "1,2,7";
				TEST_HOST = "$(BUILT_PRODUCTS_DIR)/GotReceipts.app/$(BUNDLE_EXECUTABLE_FOLDER_PATH)/GotReceipts";
				XROS_DEPLOYMENT_TARGET = 2.2;
			};
			name = Debug;
		};
		3569638C2E871EF300A2315C /* Release */ = {
			isa = XCBuildConfiguration;
			buildSettings = {
				BUNDLE_LOADER = "$(TEST_HOST)";
				CODE_SIGN_STYLE = Automatic;
				CURRENT_PROJECT_VERSION = 1;
				DEVELOPMENT_TEAM = 3L66A32827;
				GENERATE_INFOPLIST_FILE = YES;
				IPHONEOS_DEPLOYMENT_TARGET = 18.2;
				MACOSX_DEPLOYMENT_TARGET = 15.2;
				MARKETING_VERSION = 1.0;
				PRODUCT_BUNDLE_IDENTIFIER = com.electrospit.GotReceiptsTests;
				PRODUCT_NAME = "$(TARGET_NAME)";
				SDKROOT = auto;
				SUPPORTED_PLATFORMS = "iphoneos iphonesimulator macosx xros xrsimulator";
				SWIFT_EMIT_LOC_STRINGS = NO;
				SWIFT_VERSION = 5.0;
				TARGETED_DEVICE_FAMILY = "1,2,7";
				TEST_HOST = "$(BUILT_PRODUCTS_DIR)/GotReceipts.app/$(BUNDLE_EXECUTABLE_FOLDER_PATH)/GotReceipts";
				XROS_DEPLOYMENT_TARGET = 2.2;
			};
			name = Release;
		};
		3569638E2E871EF300A2315C /* Debug */ = {
			isa = XCBuildConfiguration;
			buildSettings = {
				CODE_SIGN_STYLE = Automatic;
				CURRENT_PROJECT_VERSION = 1;
				DEVELOPMENT_TEAM = 3L66A32827;
				GENERATE_INFOPLIST_FILE = YES;
				IPHONEOS_DEPLOYMENT_TARGET = 18.2;
				MACOSX_DEPLOYMENT_TARGET = 15.2;
				MARKETING_VERSION = 1.0;
				PRODUCT_BUNDLE_IDENTIFIER = com.electrospit.GotReceiptsUITests;
				PRODUCT_NAME = "$(TARGET_NAME)";
				SDKROOT = auto;
				SUPPORTED_PLATFORMS = "iphoneos iphonesimulator macosx xros xrsimulator";
				SWIFT_EMIT_LOC_STRINGS = NO;
				SWIFT_VERSION = 5.0;
				TARGETED_DEVICE_FAMILY = "1,2,7";
				TEST_TARGET_NAME = GotReceipts;
				XROS_DEPLOYMENT_TARGET = 2.2;
			};
			name = Debug;
		};
		3569638F2E871EF300A2315C /* Release */ = {
			isa = XCBuildConfiguration;
			buildSettings = {
				CODE_SIGN_STYLE = Automatic;
				CURRENT_PROJECT_VERSION = 1;
				DEVELOPMENT_TEAM = 3L66A32827;
				GENERATE_INFOPLIST_FILE = YES;
				IPHONEOS_DEPLOYMENT_TARGET = 18.2;
				MACOSX_DEPLOYMENT_TARGET = 15.2;
				MARKETING_VERSION = 1.0;
				PRODUCT_BUNDLE_IDENTIFIER = com.electrospit.GotReceiptsUITests;
				PRODUCT_NAME = "$(TARGET_NAME)";
				SDKROOT = auto;
				SUPPORTED_PLATFORMS = "iphoneos iphonesimulator macosx xros xrsimulator";
				SWIFT_EMIT_LOC_STRINGS = NO;
				SWIFT_VERSION = 5.0;
				TARGETED_DEVICE_FAMILY = "1,2,7";
				TEST_TARGET_NAME = GotReceipts;
				XROS_DEPLOYMENT_TARGET = 2.2;
			};
			name = Release;
		};
		35F9B41E2E89099B00C0D49D /* Debug */ = {
			isa = XCBuildConfiguration;
			buildSettings = {
				CODE_SIGN_ENTITLEMENTS = GotReceiptsShareExtension/GotReceiptsShareExtension.entitlements;
				CODE_SIGN_STYLE = Automatic;
				CURRENT_PROJECT_VERSION = 1;
				DEVELOPMENT_TEAM = 3L66A32827;
				GENERATE_INFOPLIST_FILE = YES;
				INFOPLIST_FILE = GotReceiptsShareExtension/Info.plist;
				INFOPLIST_KEY_CFBundleDisplayName = GotReceiptsShareExtension;
				INFOPLIST_KEY_NSHumanReadableCopyright = "";
				IPHONEOS_DEPLOYMENT_TARGET = 18.2;
				LD_RUNPATH_SEARCH_PATHS = (
					"$(inherited)",
					"@executable_path/Frameworks",
					"@executable_path/../../Frameworks",
				);
				MARKETING_VERSION = 1.0;
				PRODUCT_BUNDLE_IDENTIFIER = com.electrospit.GotReceipts.GotReceiptsShareExtension;
				PRODUCT_NAME = "$(TARGET_NAME)";
				SDKROOT = iphoneos;
				SKIP_INSTALL = YES;
				SWIFT_EMIT_LOC_STRINGS = YES;
				SWIFT_VERSION = 5.0;
				TARGETED_DEVICE_FAMILY = "1,2";
			};
			name = Debug;
		};
		35F9B41F2E89099B00C0D49D /* Release */ = {
			isa = XCBuildConfiguration;
			buildSettings = {
				CODE_SIGN_ENTITLEMENTS = GotReceiptsShareExtension/GotReceiptsShareExtension.entitlements;
				CODE_SIGN_STYLE = Automatic;
				CURRENT_PROJECT_VERSION = 1;
				DEVELOPMENT_TEAM = 3L66A32827;
				GENERATE_INFOPLIST_FILE = YES;
				INFOPLIST_FILE = GotReceiptsShareExtension/Info.plist;
				INFOPLIST_KEY_CFBundleDisplayName = GotReceiptsShareExtension;
				INFOPLIST_KEY_NSHumanReadableCopyright = "";
				IPHONEOS_DEPLOYMENT_TARGET = 18.2;
				LD_RUNPATH_SEARCH_PATHS = (
					"$(inherited)",
					"@executable_path/Frameworks",
					"@executable_path/../../Frameworks",
				);
				MARKETING_VERSION = 1.0;
				PRODUCT_BUNDLE_IDENTIFIER = com.electrospit.GotReceipts.GotReceiptsShareExtension;
				PRODUCT_NAME = "$(TARGET_NAME)";
				SDKROOT = iphoneos;
				SKIP_INSTALL = YES;
				SWIFT_EMIT_LOC_STRINGS = YES;
				SWIFT_VERSION = 5.0;
				TARGETED_DEVICE_FAMILY = "1,2";
				VALIDATE_PRODUCT = YES;
			};
			name = Release;
		};
/* End XCBuildConfiguration section */

/* Begin XCConfigurationList section */
		3569635D2E871EF100A2315C /* Build configuration list for PBXProject "GotReceipts" */ = {
			isa = XCConfigurationList;
			buildConfigurations = (
				356963852E871EF300A2315C /* Debug */,
				356963862E871EF300A2315C /* Release */,
			);
			defaultConfigurationIsVisible = 0;
			defaultConfigurationName = Release;
		};
		356963872E871EF300A2315C /* Build configuration list for PBXNativeTarget "GotReceipts" */ = {
			isa = XCConfigurationList;
			buildConfigurations = (
				356963882E871EF300A2315C /* Debug */,
				356963892E871EF300A2315C /* Release */,
			);
			defaultConfigurationIsVisible = 0;
			defaultConfigurationName = Release;
		};
		3569638A2E871EF300A2315C /* Build configuration list for PBXNativeTarget "GotReceiptsTests" */ = {
			isa = XCConfigurationList;
			buildConfigurations = (
				3569638B2E871EF300A2315C /* Debug */,
				3569638C2E871EF300A2315C /* Release */,
			);
			defaultConfigurationIsVisible = 0;
			defaultConfigurationName = Release;
		};
		3569638D2E871EF300A2315C /* Build configuration list for PBXNativeTarget "GotReceiptsUITests" */ = {
			isa = XCConfigurationList;
			buildConfigurations = (
				3569638E2E871EF300A2315C /* Debug */,
				3569638F2E871EF300A2315C /* Release */,
			);
			defaultConfigurationIsVisible = 0;
			defaultConfigurationName = Release;
		};
		35F9B41D2E89099B00C0D49D /* Build configuration list for PBXNativeTarget "GotReceiptsShareExtension" */ = {
			isa = XCConfigurationList;
			buildConfigurations = (
				35F9B41E2E89099B00C0D49D /* Debug */,
				35F9B41F2E89099B00C0D49D /* Release */,
			);
			defaultConfigurationIsVisible = 0;
			defaultConfigurationName = Release;
		};
/* End XCConfigurationList section */

/* Begin XCRemoteSwiftPackageReference section */
		356963B92E8750AE00A2315C /* XCRemoteSwiftPackageReference "firebase-ios-sdk" */ = {
			isa = XCRemoteSwiftPackageReference;
			repositoryURL = "https://github.com/firebase/firebase-ios-sdk.git";
			requirement = {
				kind = upToNextMajorVersion;
				minimumVersion = 12.3.0;
			};
		};
/* End XCRemoteSwiftPackageReference section */

/* Begin XCSwiftPackageProductDependency section */
		356963BA2E8750AE00A2315C /* FirebaseAI */ = {
			isa = XCSwiftPackageProductDependency;
			package = 356963B92E8750AE00A2315C /* XCRemoteSwiftPackageReference "firebase-ios-sdk" */;
			productName = FirebaseAI;
		};
		356963BC2E8750AF00A2315C /* FirebaseAnalytics */ = {
			isa = XCSwiftPackageProductDependency;
			package = 356963B92E8750AE00A2315C /* XCRemoteSwiftPackageReference "firebase-ios-sdk" */;
			productName = FirebaseAnalytics;
		};
		356963BE2E8750AF00A2315C /* FirebaseAnalyticsCore */ = {
			isa = XCSwiftPackageProductDependency;
			package = 356963B92E8750AE00A2315C /* XCRemoteSwiftPackageReference "firebase-ios-sdk" */;
			productName = FirebaseAnalyticsCore;
		};
		356963C02E8750AF00A2315C /* FirebaseAnalyticsIdentitySupport */ = {
			isa = XCSwiftPackageProductDependency;
			package = 356963B92E8750AE00A2315C /* XCRemoteSwiftPackageReference "firebase-ios-sdk" */;
			productName = FirebaseAnalyticsIdentitySupport;
		};
		356963C22E8750AF00A2315C /* FirebaseAppCheck */ = {
			isa = XCSwiftPackageProductDependency;
			package = 356963B92E8750AE00A2315C /* XCRemoteSwiftPackageReference "firebase-ios-sdk" */;
			productName = FirebaseAppCheck;
		};
		356963C42E8750AF00A2315C /* FirebaseAuth */ = {
			isa = XCSwiftPackageProductDependency;
			package = 356963B92E8750AE00A2315C /* XCRemoteSwiftPackageReference "firebase-ios-sdk" */;
			productName = FirebaseAuth;
		};
		356963C62E8750AF00A2315C /* FirebaseFirestore */ = {
			isa = XCSwiftPackageProductDependency;
			package = 356963B92E8750AE00A2315C /* XCRemoteSwiftPackageReference "firebase-ios-sdk" */;
			productName = FirebaseFirestore;
		};
		356963C82E8750AF00A2315C /* FirebaseStorage */ = {
			isa = XCSwiftPackageProductDependency;
			package = 356963B92E8750AE00A2315C /* XCRemoteSwiftPackageReference "firebase-ios-sdk" */;
			productName = FirebaseStorage;
		};
/* End XCSwiftPackageProductDependency section */
	};
	rootObject = 3569635A2E871EF100A2315C /* Project object */;
}
